<?xml version="1.0" encoding="utf-8"?>
<Project ToolsVersion="4.0" xmlns="http://schemas.microsoft.com/developer/msbuild/2003">
  <ItemGroup>
    <Filter Include="资源文件">
      <UniqueIdentifier>{67DA6AB6-F800-4c08-8B7A-83BB121AAD01}</UniqueIdentifier>
      <Extensions>rc;ico;cur;bmp;dlg;rc2;rct;bin;rgs;gif;jpg;jpeg;jpe;resx;tiff;tif;png;wav;mfcribbon-ms</Extensions>
    </Filter>
    <Filter Include="src">
      <UniqueIdentifier>{97ec3204-e9cd-4fa8-a6df-d47370a31c34}</UniqueIdentifier>
    </Filter>
    <Filter Include="src\imgui">
      <UniqueIdentifier>{591babcf-d3b1-4b5b-8a29-585fc5796483}</UniqueIdentifier>
    </Filter>
    <Filter Include="src\imgui\extensions">
      <UniqueIdentifier>{0e22de68-09f2-4358-95ce-797575921f5a}</UniqueIdentifier>
    </Filter>
    <Filter Include="src\util">
      <UniqueIdentifier>{69068355-5cc9-4552-9f2c-3ca7275d9985}</UniqueIdentifier>
    </Filter>
  </ItemGroup>
  <ItemGroup>
    <ClCompile Include="src\imgui\imgui_demo.cpp">
      <Filter>src\imgui</Filter>
    </ClCompile>
    <ClCompile Include="src\burner.cpp">
      <Filter>src</Filter>
    </ClCompile>
    <ClCompile Include="src\imgui\imgui_draw.cpp">
      <Filter>src\imgui</Filter>
    </ClCompile>
    <ClCompile Include="src\imgui\imgui_tables.cpp">
      <Filter>src\imgui</Filter>
    </ClCompile>
    <ClCompile Include="src\imgui\imgui_widgets.cpp">
      <Filter>src\imgui</Filter>
    </ClCompile>
    <ClCompile Include="src\imgui\backends\imgui_impl_win32.cpp">
      <Filter>src\imgui</Filter>
    </ClCompile>
    <ClCompile Include="src\imgui\backends\imgui_impl_glfw.cpp">
      <Filter>src\imgui</Filter>
    </ClCompile>
    <ClCompile Include="src\imgui\imgui.cpp">
      <Filter>src\imgui</Filter>
    </ClCompile>
    <ClCompile Include="src\imgui\backends\imgui_impl_opengl3.cpp">
      <Filter>src\imgui</Filter>
    </ClCompile>
    <ClCompile Include="src\imgui\extensions\ImFileDialog.cpp">
      <Filter>src\imgui\extensions</Filter>
    </ClCompile>
    <ClCompile Include="src\util\utils.cpp">
      <Filter>src\util</Filter>
    </ClCompile>
    <ClCompile Include="src\ingBurner.cpp">
      <Filter>src</Filter>
    </ClCompile>
    <ClCompile Include="src\imgui\extensions\ImConsole.cpp">
      <Filter>src\imgui\extensions</Filter>
    </ClCompile>
    <ClCompile Include="src\util\INIReader.cpp">
      <Filter>src\util</Filter>
    </ClCompile>
    <ClCompile Include="src\util\ini.c">
      <Filter>src\util</Filter>
    </ClCompile>
    <ClCompile Include="src\burn.cpp">
      <Filter>src</Filter>
    </ClCompile>
    <ClCompile Include="src\imgui\extensions\TextEditor.cpp">
      <Filter>src\imgui\extensions</Filter>
    </ClCompile>
    <ClCompile Include="src\dev.cpp">
      <Filter>src</Filter>
    </ClCompile>
    <ClCompile Include="src\util\usb_utils.cpp">
      <Filter>src\util</Filter>
    </ClCompile>
  </ItemGroup>
  <ItemGroup>
    <ClInclude Include="src\ingBurner.h">
      <Filter>src</Filter>
    </ClInclude>
    <ClInclude Include="src\util\thread_pool.h">
      <Filter>src\util</Filter>
    </ClInclude>
    <ClInclude Include="src\burn.h">
      <Filter>src</Filter>
    </ClInclude>
    <ClInclude Include="src\dev.h">
      <Filter>src</Filter>
    </ClInclude>
    <ClInclude Include="src\pch.h">
      <Filter>src</Filter>
    </ClInclude>
    <ClInclude Include="src\util\usb_utils.h">
      <Filter>src\util</Filter>
    </ClInclude>
  </ItemGroup>
</Project>